
Microsoft Visual Studio Solution File, Format Version 12.00
# Visual Studio 15
VisualStudioVersion = 15.0.28010.2026
MinimumVisualStudioVersion = 10.0.40219.1
Project("{FAE04EC0-301F-11D3-BF4B-00C04F79EFBC}") = "MyProject2", "MyProject2\MyProject2.csproj", "{268D9EB4-475F-4A03-8092-7271D1E32504}"
EndProject
Global
	GlobalSection(SolutionConfigurationPlatforms) = preSolution
		Debug|Any CPU = Debug|Any CPU
		Release|Any CPU = Release|Any CPU
	EndGlobalSection
	GlobalSection(ProjectConfigurationPlatforms) = postSolution
		{268D9EB4-475F-4A03-8092-7271D1E32504}.Debug|Any CPU.ActiveCfg = Debug|Any CPU
		{268D9EB4-475F-4A03-8092-7271D1E32504}.Debug|Any CPU.Build.0 = Debug|Any CPU
		{268D9EB4-475F-4A03-8092-7271D1E32504}.Release|Any CPU.ActiveCfg = Release|Any CPU
		{268D9EB4-475F-4A03-8092-7271D1E32504}.Release|Any CPU.Build.0 = Release|Any CPU
	EndGlobalSection
	GlobalSection(SolutionProperties) = preSolution
		HideSolutionNode = FALSE
	EndGlobalSection
	GlobalSection(ExtensibilityGlobals) = postSolution
		SolutionGuid = {BB89CC2F-B3B4-4EC6-8DB5-EB481ABE466E}
	EndGlobalSection
EndGlobal
